
Microsoft Visual Studio Solution File, Format Version 12.00
# Visual Studio Version 16
VisualStudioVersion = 16.0.30611.23
MinimumVisualStudioVersion = 10.0.40219.1
Project("{FAE04EC0-301F-11D3-BF4B-00C04F79EFBC}") = "lab5", "lab5\lab5.csproj", "{31EBE91D-5B6B-49C0-9538-74FED90227EA}"
EndProject
Global
	GlobalSection(SolutionConfigurationPlatforms) = preSolution
		Debug|Any CPU = Debug|Any CPU
		Release|Any CPU = Release|Any CPU
	EndGlobalSection
	GlobalSection(ProjectConfigurationPlatforms) = postSolution
		{31EBE91D-5B6B-49C0-9538-74FED90227EA}.Debug|Any CPU.ActiveCfg = Debug|Any CPU
		{31EBE91D-5B6B-49C0-9538-74FED90227EA}.Debug|Any CPU.Build.0 = Debug|Any CPU
		{31EBE91D-5B6B-49C0-9538-74FED90227EA}.Release|Any CPU.ActiveCfg = Release|Any CPU
		{31EBE91D-5B6B-49C0-9538-74FED90227EA}.Release|Any CPU.Build.0 = Release|Any CPU
	EndGlobalSection
	GlobalSection(SolutionProperties) = preSolution
		HideSolutionNode = FALSE
	EndGlobalSection
	GlobalSection(ExtensibilityGlobals) = postSolution
		SolutionGuid = {AA4CD1AC-2F87-45F4-BE25-F2B4728B946E}
	EndGlobalSection
EndGlobal
